
Microsoft Visual Studio Solution File, Format Version 12.00
# Visual Studio Version 17
VisualStudioVersion = 17.13.35806.99 d17.13
MinimumVisualStudioVersion = 10.0.40219.1
Project("{FAE04EC0-301F-11D3-BF4B-00C04F79EFBC}") = "EF-project", "EF-project.csproj", "{BF3633EF-9951-4E04-9122-D8AA99EA2B1D}"
EndProject
Global
	GlobalSection(SolutionConfigurationPlatforms) = preSolution
		Debug|Any CPU = Debug|Any CPU
		Release|Any CPU = Release|Any CPU
	EndGlobalSection
	GlobalSection(ProjectConfigurationPlatforms) = postSolution
		{BF3633EF-9951-4E04-9122-D8AA99EA2B1D}.Debug|Any CPU.ActiveCfg = Debug|Any CPU
		{BF3633EF-9951-4E04-9122-D8AA99EA2B1D}.Debug|Any CPU.Build.0 = Debug|Any CPU
		{BF3633EF-9951-4E04-9122-D8AA99EA2B1D}.Release|Any CPU.ActiveCfg = Release|Any CPU
		{BF3633EF-9951-4E04-9122-D8AA99EA2B1D}.Release|Any CPU.Build.0 = Release|Any CPU
	EndGlobalSection
	GlobalSection(SolutionProperties) = preSolution
		HideSolutionNode = FALSE
	EndGlobalSection
	GlobalSection(ExtensibilityGlobals) = postSolution
		SolutionGuid = {1DC75A62-B819-437E-827E-75F207C34405}
	EndGlobalSection
EndGlobal
